// !$*UTF8*$!
{
	archiveVersion = 1;
	classes = {
	};
	objectVersion = 56;
	objects = {

/* Begin PBXBuildFile section */
		D84613072B550E2A00EA7E74 /* RoundedShape.swift in Sources */ = {isa = PBXBuildFile; fileRef = D84613062B550E2A00EA7E74 /* RoundedShape.swift */; };
		D84613092B55278100EA7E74 /* CustomInputField.swift in Sources */ = {isa = PBXBuildFile; fileRef = D84613082B55278100EA7E74 /* CustomInputField.swift */; };
		D8C6A9DA2B41EAE900C316FC /* TwitterAppApp.swift in Sources */ = {isa = PBXBuildFile; fileRef = D8C6A9D92B41EAE900C316FC /* TwitterAppApp.swift */; };
		D8C6A9DC2B41EAE900C316FC /* ContentView.swift in Sources */ = {isa = PBXBuildFile; fileRef = D8C6A9DB2B41EAE900C316FC /* ContentView.swift */; };
		D8C6A9DE2B41EAEA00C316FC /* Assets.xcassets in Resources */ = {isa = PBXBuildFile; fileRef = D8C6A9DD2B41EAEA00C316FC /* Assets.xcassets */; };
		D8C6A9E12B41EAEA00C316FC /* Preview Assets.xcassets in Resources */ = {isa = PBXBuildFile; fileRef = D8C6A9E02B41EAEA00C316FC /* Preview Assets.xcassets */; };
		D8C6A9FB2B4307F900C316FC /* FeedView.swift in Sources */ = {isa = PBXBuildFile; fileRef = D8C6A9FA2B4307F900C316FC /* FeedView.swift */; };
		D8C6A9FF2B4465CB00C316FC /* TweetRowView.swift in Sources */ = {isa = PBXBuildFile; fileRef = D8C6A9FE2B4465CB00C316FC /* TweetRowView.swift */; };
		D8E901B42B512BF600A6C372 /* MainTabView.swift in Sources */ = {isa = PBXBuildFile; fileRef = D8E901B32B512BF600A6C372 /* MainTabView.swift */; };
		D8E901B62B51305A00A6C372 /* ExploreView.swift in Sources */ = {isa = PBXBuildFile; fileRef = D8E901B52B51305A00A6C372 /* ExploreView.swift */; };
		D8E901B82B51309400A6C372 /* NotificationView.swift in Sources */ = {isa = PBXBuildFile; fileRef = D8E901B72B51309300A6C372 /* NotificationView.swift */; };
		D8E901BA2B5130E000A6C372 /* MessagesView.swift in Sources */ = {isa = PBXBuildFile; fileRef = D8E901B92B5130E000A6C372 /* MessagesView.swift */; };
		D8E901BE2B51325700A6C372 /* ProfileView.swift in Sources */ = {isa = PBXBuildFile; fileRef = D8E901BD2B51325700A6C372 /* ProfileView.swift */; };
		D8E901C02B514C5700A6C372 /* TweetFilterViewModel.swift in Sources */ = {isa = PBXBuildFile; fileRef = D8E901BF2B514C5700A6C372 /* TweetFilterViewModel.swift */; };
		D8E901C52B51823C00A6C372 /* UserRowView.swift in Sources */ = {isa = PBXBuildFile; fileRef = D8E901C42B51823C00A6C372 /* UserRowView.swift */; };
		D8E901C82B527CD800A6C372 /* CommunityView.swift in Sources */ = {isa = PBXBuildFile; fileRef = D8E901C72B527CD800A6C372 /* CommunityView.swift */; };
		D8E901CC2B52814200A6C372 /* SideMenuView.swift in Sources */ = {isa = PBXBuildFile; fileRef = D8E901CB2B52814200A6C372 /* SideMenuView.swift */; };
		D8E901CE2B52815A00A6C372 /* SideMenuRowView.swift in Sources */ = {isa = PBXBuildFile; fileRef = D8E901CD2B52815A00A6C372 /* SideMenuRowView.swift */; };
		D8E901D02B52818A00A6C372 /* SideMenuViewModel.swift in Sources */ = {isa = PBXBuildFile; fileRef = D8E901CF2B52818A00A6C372 /* SideMenuViewModel.swift */; };
		D8E901D22B52881E00A6C372 /* UserStatsView.swift in Sources */ = {isa = PBXBuildFile; fileRef = D8E901D12B52881E00A6C372 /* UserStatsView.swift */; };
		D8E901D42B52B3FF00A6C372 /* SideMenuOptionRowView.swift in Sources */ = {isa = PBXBuildFile; fileRef = D8E901D32B52B3FF00A6C372 /* SideMenuOptionRowView.swift */; };
		D8E901D92B52D2AB00A6C372 /* NewTweetView.swift in Sources */ = {isa = PBXBuildFile; fileRef = D8E901D82B52D2AB00A6C372 /* NewTweetView.swift */; };
		D8E901DB2B52D4B600A6C372 /* TextArea.swift in Sources */ = {isa = PBXBuildFile; fileRef = D8E901DA2B52D4B600A6C372 /* TextArea.swift */; };
		D8E901DF2B53A99500A6C372 /* LoginView.swift in Sources */ = {isa = PBXBuildFile; fileRef = D8E901DE2B53A99500A6C372 /* LoginView.swift */; };
		D8E901E12B53A9B200A6C372 /* RegistrationionView.swift in Sources */ = {isa = PBXBuildFile; fileRef = D8E901E02B53A9B200A6C372 /* RegistrationionView.swift */; };
/* End PBXBuildFile section */

/* Begin PBXFileReference section */
		D84613062B550E2A00EA7E74 /* RoundedShape.swift */ = {isa = PBXFileReference; lastKnownFileType = sourcecode.swift; path = RoundedShape.swift; sourceTree = "<group>"; };
		D84613082B55278100EA7E74 /* CustomInputField.swift */ = {isa = PBXFileReference; lastKnownFileType = sourcecode.swift; path = CustomInputField.swift; sourceTree = "<group>"; };
		D8C6A9D62B41EAE900C316FC /* TwitterApp.app */ = {isa = PBXFileReference; explicitFileType = wrapper.application; includeInIndex = 0; path = TwitterApp.app; sourceTree = BUILT_PRODUCTS_DIR; };
		D8C6A9D92B41EAE900C316FC /* TwitterAppApp.swift */ = {isa = PBXFileReference; lastKnownFileType = sourcecode.swift; path = TwitterAppApp.swift; sourceTree = "<group>"; };
		D8C6A9DB2B41EAE900C316FC /* ContentView.swift */ = {isa = PBXFileReference; lastKnownFileType = sourcecode.swift; path = ContentView.swift; sourceTree = "<group>"; };
		D8C6A9DD2B41EAEA00C316FC /* Assets.xcassets */ = {isa = PBXFileReference; lastKnownFileType = folder.assetcatalog; path = Assets.xcassets; sourceTree = "<group>"; };
		D8C6A9E02B41EAEA00C316FC /* Preview Assets.xcassets */ = {isa = PBXFileReference; lastKnownFileType = folder.assetcatalog; path = "Preview Assets.xcassets"; sourceTree = "<group>"; };
		D8C6A9FA2B4307F900C316FC /* FeedView.swift */ = {isa = PBXFileReference; lastKnownFileType = sourcecode.swift; path = FeedView.swift; sourceTree = "<group>"; };
		D8C6A9FE2B4465CB00C316FC /* TweetRowView.swift */ = {isa = PBXFileReference; lastKnownFileType = sourcecode.swift; path = TweetRowView.swift; sourceTree = "<group>"; };
		D8E901B32B512BF600A6C372 /* MainTabView.swift */ = {isa = PBXFileReference; lastKnownFileType = sourcecode.swift; path = MainTabView.swift; sourceTree = "<group>"; };
		D8E901B52B51305A00A6C372 /* ExploreView.swift */ = {isa = PBXFileReference; lastKnownFileType = sourcecode.swift; path = ExploreView.swift; sourceTree = "<group>"; };
		D8E901B72B51309300A6C372 /* NotificationView.swift */ = {isa = PBXFileReference; lastKnownFileType = sourcecode.swift; path = NotificationView.swift; sourceTree = "<group>"; };
		D8E901B92B5130E000A6C372 /* MessagesView.swift */ = {isa = PBXFileReference; lastKnownFileType = sourcecode.swift; path = MessagesView.swift; sourceTree = "<group>"; };
		D8E901BD2B51325700A6C372 /* ProfileView.swift */ = {isa = PBXFileReference; lastKnownFileType = sourcecode.swift; path = ProfileView.swift; sourceTree = "<group>"; };
		D8E901BF2B514C5700A6C372 /* TweetFilterViewModel.swift */ = {isa = PBXFileReference; lastKnownFileType = sourcecode.swift; path = TweetFilterViewModel.swift; sourceTree = "<group>"; };
		D8E901C42B51823C00A6C372 /* UserRowView.swift */ = {isa = PBXFileReference; lastKnownFileType = sourcecode.swift; path = UserRowView.swift; sourceTree = "<group>"; };
		D8E901C72B527CD800A6C372 /* CommunityView.swift */ = {isa = PBXFileReference; lastKnownFileType = sourcecode.swift; path = CommunityView.swift; sourceTree = "<group>"; };
		D8E901CB2B52814200A6C372 /* SideMenuView.swift */ = {isa = PBXFileReference; lastKnownFileType = sourcecode.swift; path = SideMenuView.swift; sourceTree = "<group>"; };
		D8E901CD2B52815A00A6C372 /* SideMenuRowView.swift */ = {isa = PBXFileReference; lastKnownFileType = sourcecode.swift; path = SideMenuRowView.swift; sourceTree = "<group>"; };
		D8E901CF2B52818A00A6C372 /* SideMenuViewModel.swift */ = {isa = PBXFileReference; lastKnownFileType = sourcecode.swift; path = SideMenuViewModel.swift; sourceTree = "<group>"; };
		D8E901D12B52881E00A6C372 /* UserStatsView.swift */ = {isa = PBXFileReference; lastKnownFileType = sourcecode.swift; path = UserStatsView.swift; sourceTree = "<group>"; };
		D8E901D32B52B3FF00A6C372 /* SideMenuOptionRowView.swift */ = {isa = PBXFileReference; lastKnownFileType = sourcecode.swift; path = SideMenuOptionRowView.swift; sourceTree = "<group>"; };
		D8E901D82B52D2AB00A6C372 /* NewTweetView.swift */ = {isa = PBXFileReference; lastKnownFileType = sourcecode.swift; path = NewTweetView.swift; sourceTree = "<group>"; };
		D8E901DA2B52D4B600A6C372 /* TextArea.swift */ = {isa = PBXFileReference; lastKnownFileType = sourcecode.swift; path = TextArea.swift; sourceTree = "<group>"; };
		D8E901DE2B53A99500A6C372 /* LoginView.swift */ = {isa = PBXFileReference; lastKnownFileType = sourcecode.swift; path = LoginView.swift; sourceTree = "<group>"; };
		D8E901E02B53A9B200A6C372 /* RegistrationionView.swift */ = {isa = PBXFileReference; lastKnownFileType = sourcecode.swift; path = RegistrationionView.swift; sourceTree = "<group>"; };
/* End PBXFileReference section */

/* Begin PBXFrameworksBuildPhase section */
		D8C6A9D32B41EAE900C316FC /* Frameworks */ = {
			isa = PBXFrameworksBuildPhase;
			buildActionMask = 2147483647;
			files = (
			);
			runOnlyForDeploymentPostprocessing = 0;
		};
/* End PBXFrameworksBuildPhase section */

/* Begin PBXGroup section */
		D8C6A9CD2B41EAE900C316FC = {
			isa = PBXGroup;
			children = (
				D8C6A9D82B41EAE900C316FC /* TwitterApp */,
				D8C6A9D72B41EAE900C316FC /* Products */,
			);
			sourceTree = "<group>";
		};
		D8C6A9D72B41EAE900C316FC /* Products */ = {
			isa = PBXGroup;
			children = (
				D8C6A9D62B41EAE900C316FC /* TwitterApp.app */,
			);
			name = Products;
			sourceTree = "<group>";
		};
		D8C6A9D82B41EAE900C316FC /* TwitterApp */ = {
			isa = PBXGroup;
			children = (
				D8C6A9E72B42819A00C316FC /* Utilities */,
				D8C6A9E82B4281A800C316FC /* Extensions */,
				D8C6A9E92B4281C100C316FC /* Models */,
				D8C6A9EA2B4281C900C316FC /* Services */,
				D8C6A9EB2B4281D400C316FC /* Core */,
				D8C6A9D92B41EAE900C316FC /* TwitterAppApp.swift */,
				D8C6A9DB2B41EAE900C316FC /* ContentView.swift */,
				D8C6A9DD2B41EAEA00C316FC /* Assets.xcassets */,
				D8C6A9DF2B41EAEA00C316FC /* Preview Content */,
			);
			path = TwitterApp;
			sourceTree = "<group>";
		};
		D8C6A9DF2B41EAEA00C316FC /* Preview Content */ = {
			isa = PBXGroup;
			children = (
				D8C6A9E02B41EAEA00C316FC /* Preview Assets.xcassets */,
			);
			path = "Preview Content";
			sourceTree = "<group>";
		};
		D8C6A9E72B42819A00C316FC /* Utilities */ = {
			isa = PBXGroup;
			children = (
			);
			path = Utilities;
			sourceTree = "<group>";
		};
		D8C6A9E82B4281A800C316FC /* Extensions */ = {
			isa = PBXGroup;
			children = (
			);
			path = Extensions;
			sourceTree = "<group>";
		};
		D8C6A9E92B4281C100C316FC /* Models */ = {
			isa = PBXGroup;
			children = (
			);
			path = Models;
			sourceTree = "<group>";
		};
		D8C6A9EA2B4281C900C316FC /* Services */ = {
			isa = PBXGroup;
			children = (
			);
			path = Services;
			sourceTree = "<group>";
		};
		D8C6A9EB2B4281D400C316FC /* Core */ = {
			isa = PBXGroup;
			children = (
				D8E901D52B52D25800A6C372 /* UploadTweet */,
				D8C6A9EC2B42822F00C316FC /* Components */,
				D8C6A9F62B42829500C316FC /* Authentication */,
				D8C6A9F52B42828800C316FC /* MainTab */,
				D8C6A9F42B42828000C316FC /* SideMenu */,
				D8C6A9F32B42827200C316FC /* NewTweet */,
				D8C6A9F22B42826900C316FC /* Profile */,
				D8C6A9F12B42825F00C316FC /* Feed */,
				D8C6A9F02B42825700C316FC /* Explore */,
				D8C6A9EF2B42824D00C316FC /* Notification */,
				D8C6A9EE2B42824300C316FC /* Communities */,
				D8C6A9ED2B42823900C316FC /* Messages */,
			);
			path = Core;
			sourceTree = "<group>";
		};
		D8C6A9EC2B42822F00C316FC /* Components */ = {
			isa = PBXGroup;
			children = (
				D8E901C32B51822400A6C372 /* Users */,
				D8C6A9FC2B44659700C316FC /* Tweets */,
				D8E901DA2B52D4B600A6C372 /* TextArea.swift */,
				D84613062B550E2A00EA7E74 /* RoundedShape.swift */,
				D84613082B55278100EA7E74 /* CustomInputField.swift */,
			);
			path = Components;
			sourceTree = "<group>";
		};
		D8C6A9ED2B42823900C316FC /* Messages */ = {
			isa = PBXGroup;
			children = (
				D8E901B92B5130E000A6C372 /* MessagesView.swift */,
			);
			path = Messages;
			sourceTree = "<group>";
		};
		D8C6A9EE2B42824300C316FC /* Communities */ = {
			isa = PBXGroup;
			children = (
				D8E901C62B527CBB00A6C372 /* Views */,
			);
			path = Communities;
			sourceTree = "<group>";
		};
		D8C6A9EF2B42824D00C316FC /* Notification */ = {
			isa = PBXGroup;
			children = (
				D8E901B72B51309300A6C372 /* NotificationView.swift */,
			);
			path = Notification;
			sourceTree = "<group>";
		};
		D8C6A9F02B42825700C316FC /* Explore */ = {
			isa = PBXGroup;
			children = (
				D8E901C22B51807300A6C372 /* Views */,
				D8E901C12B51806A00A6C372 /* ViewModel */,
			);
			path = Explore;
			sourceTree = "<group>";
		};
		D8C6A9F12B42825F00C316FC /* Feed */ = {
			isa = PBXGroup;
			children = (
				D8C6A9F92B4307E800C316FC /* View */,
				D8C6A9F82B4307DF00C316FC /* ViewModel */,
			);
			path = Feed;
			sourceTree = "<group>";
		};
		D8C6A9F22B42826900C316FC /* Profile */ = {
			isa = PBXGroup;
			children = (
				D8E901BC2B51324C00A6C372 /* Views */,
				D8E901BB2B51324400A6C372 /* ViewModels */,
			);
			path = Profile;
			sourceTree = "<group>";
		};
		D8C6A9F32B42827200C316FC /* NewTweet */ = {
			isa = PBXGroup;
			children = (
			);
			path = NewTweet;
			sourceTree = "<group>";
		};
		D8C6A9F42B42828000C316FC /* SideMenu */ = {
			isa = PBXGroup;
			children = (
				D8E901CA2B52811600A6C372 /* ViewModel */,
				D8E901C92B52811000A6C372 /* View */,
			);
			path = SideMenu;
			sourceTree = "<group>";
		};
		D8C6A9F52B42828800C316FC /* MainTab */ = {
			isa = PBXGroup;
			children = (
				D8E901B32B512BF600A6C372 /* MainTabView.swift */,
			);
			path = MainTab;
			sourceTree = "<group>";
		};
		D8C6A9F62B42829500C316FC /* Authentication */ = {
			isa = PBXGroup;
			children = (
				D8E901DD2B53A98600A6C372 /* ViewModel */,
				D8E901DC2B53A98000A6C372 /* View */,
			);
			path = Authentication;
			sourceTree = "<group>";
		};
		D8C6A9F82B4307DF00C316FC /* ViewModel */ = {
			isa = PBXGroup;
			children = (
			);
			path = ViewModel;
			sourceTree = "<group>";
		};
		D8C6A9F92B4307E800C316FC /* View */ = {
			isa = PBXGroup;
			children = (
				D8C6A9FA2B4307F900C316FC /* FeedView.swift */,
			);
			path = View;
			sourceTree = "<group>";
		};
		D8C6A9FC2B44659700C316FC /* Tweets */ = {
			isa = PBXGroup;
			children = (
				D8C6A9FE2B4465CB00C316FC /* TweetRowView.swift */,
			);
			path = Tweets;
			sourceTree = "<group>";
		};
		D8E901BB2B51324400A6C372 /* ViewModels */ = {
			isa = PBXGroup;
			children = (
				D8E901BF2B514C5700A6C372 /* TweetFilterViewModel.swift */,
			);
			path = ViewModels;
			sourceTree = "<group>";
		};
		D8E901BC2B51324C00A6C372 /* Views */ = {
			isa = PBXGroup;
			children = (
				D8E901BD2B51325700A6C372 /* ProfileView.swift */,
			);
			path = Views;
			sourceTree = "<group>";
		};
		D8E901C12B51806A00A6C372 /* ViewModel */ = {
			isa = PBXGroup;
			children = (
			);
			path = ViewModel;
			sourceTree = "<group>";
		};
		D8E901C22B51807300A6C372 /* Views */ = {
			isa = PBXGroup;
			children = (
				D8E901B52B51305A00A6C372 /* ExploreView.swift */,
			);
			path = Views;
			sourceTree = "<group>";
		};
		D8E901C32B51822400A6C372 /* Users */ = {
			isa = PBXGroup;
			children = (
				D8E901C42B51823C00A6C372 /* UserRowView.swift */,
				D8E901D12B52881E00A6C372 /* UserStatsView.swift */,
			);
			path = Users;
			sourceTree = "<group>";
		};
		D8E901C62B527CBB00A6C372 /* Views */ = {
			isa = PBXGroup;
			children = (
				D8E901C72B527CD800A6C372 /* CommunityView.swift */,
			);
			path = Views;
			sourceTree = "<group>";
		};
		D8E901C92B52811000A6C372 /* View */ = {
			isa = PBXGroup;
			children = (
				D8E901CB2B52814200A6C372 /* SideMenuView.swift */,
				D8E901CD2B52815A00A6C372 /* SideMenuRowView.swift */,
				D8E901D32B52B3FF00A6C372 /* SideMenuOptionRowView.swift */,
			);
			path = View;
			sourceTree = "<group>";
		};
		D8E901CA2B52811600A6C372 /* ViewModel */ = {
			isa = PBXGroup;
			children = (
				D8E901CF2B52818A00A6C372 /* SideMenuViewModel.swift */,
			);
			path = ViewModel;
			sourceTree = "<group>";
		};
		D8E901D52B52D25800A6C372 /* UploadTweet */ = {
			isa = PBXGroup;
			children = (
				D8E901D72B52D28000A6C372 /* View */,
				D8E901D62B52D27B00A6C372 /* ViewModel */,
			);
			path = UploadTweet;
			sourceTree = "<group>";
		};
		D8E901D62B52D27B00A6C372 /* ViewModel */ = {
			isa = PBXGroup;
			children = (
			);
			path = ViewModel;
			sourceTree = "<group>";
		};
		D8E901D72B52D28000A6C372 /* View */ = {
			isa = PBXGroup;
			children = (
				D8E901D82B52D2AB00A6C372 /* NewTweetView.swift */,
			);
			path = View;
			sourceTree = "<group>";
		};
		D8E901DC2B53A98000A6C372 /* View */ = {
			isa = PBXGroup;
			children = (
				D8E901DE2B53A99500A6C372 /* LoginView.swift */,
				D8E901E02B53A9B200A6C372 /* RegistrationionView.swift */,
			);
			path = View;
			sourceTree = "<group>";
		};
		D8E901DD2B53A98600A6C372 /* ViewModel */ = {
			isa = PBXGroup;
			children = (
			);
			path = ViewModel;
			sourceTree = "<group>";
		};
/* End PBXGroup section */

/* Begin PBXNativeTarget section */
		D8C6A9D52B41EAE900C316FC /* TwitterApp */ = {
			isa = PBXNativeTarget;
			buildConfigurationList = D8C6A9E42B41EAEA00C316FC /* Build configuration list for PBXNativeTarget "TwitterApp" */;
			buildPhases = (
				D8C6A9D22B41EAE900C316FC /* Sources */,
				D8C6A9D32B41EAE900C316FC /* Frameworks */,
				D8C6A9D42B41EAE900C316FC /* Resources */,
			);
			buildRules = (
			);
			dependencies = (
			);
			name = TwitterApp;
			productName = TwitterApp;
			productReference = D8C6A9D62B41EAE900C316FC /* TwitterApp.app */;
			productType = "com.apple.product-type.application";
		};
/* End PBXNativeTarget section */

/* Begin PBXProject section */
		D8C6A9CE2B41EAE900C316FC /* Project object */ = {
			isa = PBXProject;
			attributes = {
				BuildIndependentTargetsInParallel = 1;
				LastSwiftUpdateCheck = 1510;
				LastUpgradeCheck = 1510;
				TargetAttributes = {
					D8C6A9D52B41EAE900C316FC = {
						CreatedOnToolsVersion = 15.1;
					};
				};
			};
			buildConfigurationList = D8C6A9D12B41EAE900C316FC /* Build configuration list for PBXProject "TwitterApp" */;
			compatibilityVersion = "Xcode 14.0";
			developmentRegion = en;
			hasScannedForEncodings = 0;
			knownRegions = (
				en,
				Base,
			);
			mainGroup = D8C6A9CD2B41EAE900C316FC;
			productRefGroup = D8C6A9D72B41EAE900C316FC /* Products */;
			projectDirPath = "";
			projectRoot = "";
			targets = (
				D8C6A9D52B41EAE900C316FC /* TwitterApp */,
			);
		};
/* End PBXProject section */

/* Begin PBXResourcesBuildPhase section */
		D8C6A9D42B41EAE900C316FC /* Resources */ = {
			isa = PBXResourcesBuildPhase;
			buildActionMask = 2147483647;
			files = (
				D8C6A9E12B41EAEA00C316FC /* Preview Assets.xcassets in Resources */,
				D8C6A9DE2B41EAEA00C316FC /* Assets.xcassets in Resources */,
			);
			runOnlyForDeploymentPostprocessing = 0;
		};
/* End PBXResourcesBuildPhase section */

/* Begin PBXSourcesBuildPhase section */
		D8C6A9D22B41EAE900C316FC /* Sources */ = {
			isa = PBXSourcesBuildPhase;
			buildActionMask = 2147483647;
			files = (
				D8E901BA2B5130E000A6C372 /* MessagesView.swift in Sources */,
				D8E901BE2B51325700A6C372 /* ProfileView.swift in Sources */,
				D8E901DB2B52D4B600A6C372 /* TextArea.swift in Sources */,
				D8E901C82B527CD800A6C372 /* CommunityView.swift in Sources */,
				D8E901CE2B52815A00A6C372 /* SideMenuRowView.swift in Sources */,
				D8E901CC2B52814200A6C372 /* SideMenuView.swift in Sources */,
				D8C6A9DC2B41EAE900C316FC /* ContentView.swift in Sources */,
				D8C6A9FF2B4465CB00C316FC /* TweetRowView.swift in Sources */,
				D8E901D22B52881E00A6C372 /* UserStatsView.swift in Sources */,
				D84613072B550E2A00EA7E74 /* RoundedShape.swift in Sources */,
				D8E901C02B514C5700A6C372 /* TweetFilterViewModel.swift in Sources */,
				D8E901E12B53A9B200A6C372 /* RegistrationionView.swift in Sources */,
				D8E901B82B51309400A6C372 /* NotificationView.swift in Sources */,
				D8E901D42B52B3FF00A6C372 /* SideMenuOptionRowView.swift in Sources */,
				D8C6A9FB2B4307F900C316FC /* FeedView.swift in Sources */,
				D8C6A9DA2B41EAE900C316FC /* TwitterAppApp.swift in Sources */,
				D8E901D92B52D2AB00A6C372 /* NewTweetView.swift in Sources */,
				D84613092B55278100EA7E74 /* CustomInputField.swift in Sources */,
				D8E901C52B51823C00A6C372 /* UserRowView.swift in Sources */,
				D8E901B62B51305A00A6C372 /* ExploreView.swift in Sources */,
				D8E901D02B52818A00A6C372 /* SideMenuViewModel.swift in Sources */,
				D8E901DF2B53A99500A6C372 /* LoginView.swift in Sources */,
				D8E901B42B512BF600A6C372 /* MainTabView.swift in Sources */,
			);
			runOnlyForDeploymentPostprocessing = 0;
		};
/* End PBXSourcesBuildPhase section */

/* Begin XCBuildConfiguration section */
		D8C6A9E22B41EAEA00C316FC /* Debug */ = {
			isa = XCBuildConfiguration;
			buildSettings = {
				ALWAYS_SEARCH_USER_PATHS = NO;
				ASSETCATALOG_COMPILER_GENERATE_SWIFT_ASSET_SYMBOL_EXTENSIONS = YES;
				CLANG_ANALYZER_NONNULL = YES;
				CLANG_ANALYZER_NUMBER_OBJECT_CONVERSION = YES_AGGRESSIVE;
				CLANG_CXX_LANGUAGE_STANDARD = "gnu++20";
				CLANG_ENABLE_MODULES = YES;
				CLANG_ENABLE_OBJC_ARC = YES;
				CLANG_ENABLE_OBJC_WEAK = YES;
				CLANG_WARN_BLOCK_CAPTURE_AUTORELEASING = YES;
				CLANG_WARN_BOOL_CONVERSION = YES;
				CLANG_WARN_COMMA = YES;
				CLANG_WARN_CONSTANT_CONVERSION = YES;
				CLANG_WARN_DEPRECATED_OBJC_IMPLEMENTATIONS = YES;
				CLANG_WARN_DIRECT_OBJC_ISA_USAGE = YES_ERROR;
				CLANG_WARN_DOCUMENTATION_COMMENTS = YES;
				CLANG_WARN_EMPTY_BODY = YES;
				CLANG_WARN_ENUM_CONVERSION = YES;
				CLANG_WARN_INFINITE_RECURSION = YES;
				CLANG_WARN_INT_CONVERSION = YES;
				CLANG_WARN_NON_LITERAL_NULL_CONVERSION = YES;
				CLANG_WARN_OBJC_IMPLICIT_RETAIN_SELF = YES;
				CLANG_WARN_OBJC_LITERAL_CONVERSION = YES;
				CLANG_WARN_OBJC_ROOT_CLASS = YES_ERROR;
				CLANG_WARN_QUOTED_INCLUDE_IN_FRAMEWORK_HEADER = YES;
				CLANG_WARN_RANGE_LOOP_ANALYSIS = YES;
				CLANG_WARN_STRICT_PROTOTYPES = YES;
				CLANG_WARN_SUSPICIOUS_MOVE = YES;
				CLANG_WARN_UNGUARDED_AVAILABILITY = YES_AGGRESSIVE;
				CLANG_WARN_UNREACHABLE_CODE = YES;
				CLANG_WARN__DUPLICATE_METHOD_MATCH = YES;
				COPY_PHASE_STRIP = NO;
				DEBUG_INFORMATION_FORMAT = dwarf;
				ENABLE_STRICT_OBJC_MSGSEND = YES;
				ENABLE_TESTABILITY = YES;
				ENABLE_USER_SCRIPT_SANDBOXING = YES;
				GCC_C_LANGUAGE_STANDARD = gnu17;
				GCC_DYNAMIC_NO_PIC = NO;
				GCC_NO_COMMON_BLOCKS = YES;
				GCC_OPTIMIZATION_LEVEL = 0;
				GCC_PREPROCESSOR_DEFINITIONS = (
					"DEBUG=1",
					"$(inherited)",
				);
				GCC_WARN_64_TO_32_BIT_CONVERSION = YES;
				GCC_WARN_ABOUT_RETURN_TYPE = YES_ERROR;
				GCC_WARN_UNDECLARED_SELECTOR = YES;
				GCC_WARN_UNINITIALIZED_AUTOS = YES_AGGRESSIVE;
				GCC_WARN_UNUSED_FUNCTION = YES;
				GCC_WARN_UNUSED_VARIABLE = YES;
				IPHONEOS_DEPLOYMENT_TARGET = 17.2;
				LOCALIZATION_PREFERS_STRING_CATALOGS = YES;
				MTL_ENABLE_DEBUG_INFO = INCLUDE_SOURCE;
				MTL_FAST_MATH = YES;
				ONLY_ACTIVE_ARCH = YES;
				SDKROOT = iphoneos;
				SWIFT_ACTIVE_COMPILATION_CONDITIONS = "DEBUG $(inherited)";
				SWIFT_OPTIMIZATION_LEVEL = "-Onone";
			};
			name = Debug;
		};
		D8C6A9E32B41EAEA00C316FC /* Release */ = {
			isa = XCBuildConfiguration;
			buildSettings = {
				ALWAYS_SEARCH_USER_PATHS = NO;
				ASSETCATALOG_COMPILER_GENERATE_SWIFT_ASSET_SYMBOL_EXTENSIONS = YES;
				CLANG_ANALYZER_NONNULL = YES;
				CLANG_ANALYZER_NUMBER_OBJECT_CONVERSION = YES_AGGRESSIVE;
				CLANG_CXX_LANGUAGE_STANDARD = "gnu++20";
				CLANG_ENABLE_MODULES = YES;
				CLANG_ENABLE_OBJC_ARC = YES;
				CLANG_ENABLE_OBJC_WEAK = YES;
				CLANG_WARN_BLOCK_CAPTURE_AUTORELEASING = YES;
				CLANG_WARN_BOOL_CONVERSION = YES;
				CLANG_WARN_COMMA = YES;
				CLANG_WARN_CONSTANT_CONVERSION = YES;
				CLANG_WARN_DEPRECATED_OBJC_IMPLEMENTATIONS = YES;
				CLANG_WARN_DIRECT_OBJC_ISA_USAGE = YES_ERROR;
				CLANG_WARN_DOCUMENTATION_COMMENTS = YES;
				CLANG_WARN_EMPTY_BODY = YES;
				CLANG_WARN_ENUM_CONVERSION = YES;
				CLANG_WARN_INFINITE_RECURSION = YES;
				CLANG_WARN_INT_CONVERSION = YES;
				CLANG_WARN_NON_LITERAL_NULL_CONVERSION = YES;
				CLANG_WARN_OBJC_IMPLICIT_RETAIN_SELF = YES;
				CLANG_WARN_OBJC_LITERAL_CONVERSION = YES;
				CLANG_WARN_OBJC_ROOT_CLASS = YES_ERROR;
				CLANG_WARN_QUOTED_INCLUDE_IN_FRAMEWORK_HEADER = YES;
				CLANG_WARN_RANGE_LOOP_ANALYSIS = YES;
				CLANG_WARN_STRICT_PROTOTYPES = YES;
				CLANG_WARN_SUSPICIOUS_MOVE = YES;
				CLANG_WARN_UNGUARDED_AVAILABILITY = YES_AGGRESSIVE;
				CLANG_WARN_UNREACHABLE_CODE = YES;
				CLANG_WARN__DUPLICATE_METHOD_MATCH = YES;
				COPY_PHASE_STRIP = NO;
				DEBUG_INFORMATION_FORMAT = "dwarf-with-dsym";
				ENABLE_NS_ASSERTIONS = NO;
				ENABLE_STRICT_OBJC_MSGSEND = YES;
				ENABLE_USER_SCRIPT_SANDBOXING = YES;
				GCC_C_LANGUAGE_STANDARD = gnu17;
				GCC_NO_COMMON_BLOCKS = YES;
				GCC_WARN_64_TO_32_BIT_CONVERSION = YES;
				GCC_WARN_ABOUT_RETURN_TYPE = YES_ERROR;
				GCC_WARN_UNDECLARED_SELECTOR = YES;
				GCC_WARN_UNINITIALIZED_AUTOS = YES_AGGRESSIVE;
				GCC_WARN_UNUSED_FUNCTION = YES;
				GCC_WARN_UNUSED_VARIABLE = YES;
				IPHONEOS_DEPLOYMENT_TARGET = 17.2;
				LOCALIZATION_PREFERS_STRING_CATALOGS = YES;
				MTL_ENABLE_DEBUG_INFO = NO;
				MTL_FAST_MATH = YES;
				SDKROOT = iphoneos;
				SWIFT_COMPILATION_MODE = wholemodule;
				VALIDATE_PRODUCT = YES;
			};
			name = Release;
		};
		D8C6A9E52B41EAEA00C316FC /* Debug */ = {
			isa = XCBuildConfiguration;
			buildSettings = {
				ASSETCATALOG_COMPILER_APPICON_NAME = AppIcon;
				ASSETCATALOG_COMPILER_GLOBAL_ACCENT_COLOR_NAME = AccentColor;
				CODE_SIGN_STYLE = Automatic;
				CURRENT_PROJECT_VERSION = 1;
				DEVELOPMENT_ASSET_PATHS = "\"TwitterApp/Preview Content\"";
				DEVELOPMENT_TEAM = 443L3444LJ;
				ENABLE_PREVIEWS = YES;
				GENERATE_INFOPLIST_FILE = YES;
				INFOPLIST_KEY_UIApplicationSceneManifest_Generation = YES;
				INFOPLIST_KEY_UIApplicationSupportsIndirectInputEvents = YES;
				INFOPLIST_KEY_UILaunchScreen_Generation = YES;
				INFOPLIST_KEY_UISupportedInterfaceOrientations_iPad = "UIInterfaceOrientationPortrait UIInterfaceOrientationPortraitUpsideDown UIInterfaceOrientationLandscapeLeft UIInterfaceOrientationLandscapeRight";
				INFOPLIST_KEY_UISupportedInterfaceOrientations_iPhone = "UIInterfaceOrientationPortrait UIInterfaceOrientationLandscapeLeft UIInterfaceOrientationLandscapeRight";
				LD_RUNPATH_SEARCH_PATHS = (
					"$(inherited)",
					"@executable_path/Frameworks",
				);
				MARKETING_VERSION = 1.0;
				PRODUCT_BUNDLE_IDENTIFIER = Jai.TwitterApp;
				PRODUCT_NAME = "$(TARGET_NAME)";
				SWIFT_EMIT_LOC_STRINGS = YES;
				SWIFT_VERSION = 5.0;
				TARGETED_DEVICE_FAMILY = "1,2";
			};
			name = Debug;
		};
		D8C6A9E62B41EAEA00C316FC /* Release */ = {
			isa = XCBuildConfiguration;
			buildSettings = {
				ASSETCATALOG_COMPILER_APPICON_NAME = AppIcon;
				ASSETCATALOG_COMPILER_GLOBAL_ACCENT_COLOR_NAME = AccentColor;
				CODE_SIGN_STYLE = Automatic;
				CURRENT_PROJECT_VERSION = 1;
				DEVELOPMENT_ASSET_PATHS = "\"TwitterApp/Preview Content\"";
				DEVELOPMENT_TEAM = 443L3444LJ;
				ENABLE_PREVIEWS = YES;
				GENERATE_INFOPLIST_FILE = YES;
				INFOPLIST_KEY_UIApplicationSceneManifest_Generation = YES;
				INFOPLIST_KEY_UIApplicationSupportsIndirectInputEvents = YES;
				INFOPLIST_KEY_UILaunchScreen_Generation = YES;
				INFOPLIST_KEY_UISupportedInterfaceOrientations_iPad = "UIInterfaceOrientationPortrait UIInterfaceOrientationPortraitUpsideDown UIInterfaceOrientationLandscapeLeft UIInterfaceOrientationLandscapeRight";
				INFOPLIST_KEY_UISupportedInterfaceOrientations_iPhone = "UIInterfaceOrientationPortrait UIInterfaceOrientationLandscapeLeft UIInterfaceOrientationLandscapeRight";
				LD_RUNPATH_SEARCH_PATHS = (
					"$(inherited)",
					"@executable_path/Frameworks",
				);
				MARKETING_VERSION = 1.0;
				PRODUCT_BUNDLE_IDENTIFIER = Jai.TwitterApp;
				PRODUCT_NAME = "$(TARGET_NAME)";
				SWIFT_EMIT_LOC_STRINGS = YES;
				SWIFT_VERSION = 5.0;
				TARGETED_DEVICE_FAMILY = "1,2";
			};
			name = Release;
		};
/* End XCBuildConfiguration section */

/* Begin XCConfigurationList section */
		D8C6A9D12B41EAE900C316FC /* Build configuration list for PBXProject "TwitterApp" */ = {
			isa = XCConfigurationList;
			buildConfigurations = (
				D8C6A9E22B41EAEA00C316FC /* Debug */,
				D8C6A9E32B41EAEA00C316FC /* Release */,
			);
			defaultConfigurationIsVisible = 0;
			defaultConfigurationName = Release;
		};
		D8C6A9E42B41EAEA00C316FC /* Build configuration list for PBXNativeTarget "TwitterApp" */ = {
			isa = XCConfigurationList;
			buildConfigurations = (
				D8C6A9E52B41EAEA00C316FC /* Debug */,
				D8C6A9E62B41EAEA00C316FC /* Release */,
			);
			defaultConfigurationIsVisible = 0;
			defaultConfigurationName = Release;
		};
/* End XCConfigurationList section */
	};
	rootObject = D8C6A9CE2B41EAE900C316FC /* Project object */;
}
